
Microsoft Visual Studio Solution File, Format Version 12.00
# Visual Studio Version 17
VisualStudioVersion = 17.5.002.0
MinimumVisualStudioVersion = 10.0.40219.1
Project("{9A19103F-16F7-4668-BE54-9A1E7A4F7556}") = "TodoMinimalApi", "TodoMinimalApi.csproj", "{7634D4FC-7EA0-48FA-A76B-863E4B2E0E0A}"
EndProject
Global
	GlobalSection(SolutionConfigurationPlatforms) = preSolution
		Debug|Any CPU = Debug|Any CPU
		Release|Any CPU = Release|Any CPU
	EndGlobalSection
	GlobalSection(ProjectConfigurationPlatforms) = postSolution
		{7634D4FC-7EA0-48FA-A76B-863E4B2E0E0A}.Debug|Any CPU.ActiveCfg = Debug|Any CPU
		{7634D4FC-7EA0-48FA-A76B-863E4B2E0E0A}.Debug|Any CPU.Build.0 = Debug|Any CPU
		{7634D4FC-7EA0-48FA-A76B-863E4B2E0E0A}.Release|Any CPU.ActiveCfg = Release|Any CPU
		{7634D4FC-7EA0-48FA-A76B-863E4B2E0E0A}.Release|Any CPU.Build.0 = Release|Any CPU
	EndGlobalSection
	GlobalSection(SolutionProperties) = preSolution
		HideSolutionNode = FALSE
	EndGlobalSection
	GlobalSection(ExtensibilityGlobals) = postSolution
		SolutionGuid = {42058D9C-9FF4-439D-BC28-80D21B2329C6}
	EndGlobalSection
EndGlobal
